
Microsoft Visual Studio Solution File, Format Version 12.00
# Visual Studio Version 16
VisualStudioVersion = 16.0.30413.136
MinimumVisualStudioVersion = 10.0.40219.1
Project("{6EC3EE1D-3C4E-46DD-8F32-0CC8E7565705}") = "Flavedo.Zest", "Flavedo.Zest\Flavedo.Zest.fsproj", "{5E113450-0A36-4E35-846A-38F3179BBDDC}"
EndProject
Project("{2150E333-8FDC-42A3-9474-1A3956D46DE8}") = "Properties", "Properties", "{173ABB44-83BA-4F17-86E6-42182E183ABA}"
	ProjectSection(SolutionItems) = preProject
		.editorconfig = .editorconfig
	EndProjectSection
EndProject
Project("{F2A71F9B-5D33-465A-A702-920D77279786}") = "Flavedo.Zest.Samples", "Samples\Flavedo.Zest.Samples\Flavedo.Zest.Samples.fsproj", "{ABF62F70-6DB4-4EF0-ADBA-EDDB44ED17C2}"
EndProject
Global
	GlobalSection(SolutionConfigurationPlatforms) = preSolution
		Debug|Any CPU = Debug|Any CPU
		Release|Any CPU = Release|Any CPU
	EndGlobalSection
	GlobalSection(ProjectConfigurationPlatforms) = postSolution
		{5E113450-0A36-4E35-846A-38F3179BBDDC}.Debug|Any CPU.ActiveCfg = Debug|Any CPU
		{5E113450-0A36-4E35-846A-38F3179BBDDC}.Debug|Any CPU.Build.0 = Debug|Any CPU
		{5E113450-0A36-4E35-846A-38F3179BBDDC}.Release|Any CPU.ActiveCfg = Release|Any CPU
		{5E113450-0A36-4E35-846A-38F3179BBDDC}.Release|Any CPU.Build.0 = Release|Any CPU
		{ABF62F70-6DB4-4EF0-ADBA-EDDB44ED17C2}.Debug|Any CPU.ActiveCfg = Debug|Any CPU
		{ABF62F70-6DB4-4EF0-ADBA-EDDB44ED17C2}.Debug|Any CPU.Build.0 = Debug|Any CPU
		{ABF62F70-6DB4-4EF0-ADBA-EDDB44ED17C2}.Release|Any CPU.ActiveCfg = Release|Any CPU
		{ABF62F70-6DB4-4EF0-ADBA-EDDB44ED17C2}.Release|Any CPU.Build.0 = Release|Any CPU
	EndGlobalSection
	GlobalSection(SolutionProperties) = preSolution
		HideSolutionNode = FALSE
	EndGlobalSection
	GlobalSection(ExtensibilityGlobals) = postSolution
		SolutionGuid = {2F4202A9-D5E8-4B42-8200-E2D6F8B2239D}
	EndGlobalSection
EndGlobal
